{
  "requires": true,
  "lockfileVersion": 1,
  "dependencies": {
    "qunit-phantomjs-runner": {
      "version": "2.3.1",
      "resolved": "https://registry.npmjs.org/qunit-phantomjs-runner/-/qunit-phantomjs-runner-2.3.1.tgz",
      "integrity": "sha512-RLg51606zm6/HwZi29NciAMAqifyJE1oGg77tEuk05vEa7kuqEaI0Mkjw976Ynnq7GXurATnbFd+471c024tBQ==",
      "requires": {
        "qunit-reporter-junit": "1.1.1"
      }
    },
    "qunit-reporter-junit": {
      "version": "1.1.1",
      "resolved": "https://registry.npmjs.org/qunit-reporter-junit/-/qunit-reporter-junit-1.1.1.tgz",
      "integrity": "sha1-7rYiZFeJaZPnlaEZQPGK9q+lebQ="
    }
  }
}
